
Microsoft Visual Studio Solution File, Format Version 12.00
# Visual Studio 15
VisualStudioVersion = 15.0.26020.0
MinimumVisualStudioVersion = 10.0.40219.1
Project("{8BB2217D-0F2D-49D1-97BC-3654ED321F3B}") = "Example", "Example\Example.xproj", "{7F89BFB0-A7B1-499A-8A99-A98ACC157FC4}"
EndProject
Project("{8BB2217D-0F2D-49D1-97BC-3654ED321F3B}") = "Remote", "Remote\Remote.xproj", "{5FD79FEF-97B0-417A-B898-69445C6B5C8D}"
EndProject
Project("{9A19103F-16F7-4668-BE54-9A1E7A4F7556}") = "Shared", "Shared\Shared.csproj", "{2AFD2D0F-16A6-4406-AC5D-B06176849B4F}"
EndProject
Global
	GlobalSection(SolutionConfigurationPlatforms) = preSolution
		Debug|Any CPU = Debug|Any CPU
		Release|Any CPU = Release|Any CPU
	EndGlobalSection
	GlobalSection(ProjectConfigurationPlatforms) = postSolution
		{7F89BFB0-A7B1-499A-8A99-A98ACC157FC4}.Debug|Any CPU.ActiveCfg = Debug|Any CPU
		{7F89BFB0-A7B1-499A-8A99-A98ACC157FC4}.Debug|Any CPU.Build.0 = Debug|Any CPU
		{7F89BFB0-A7B1-499A-8A99-A98ACC157FC4}.Release|Any CPU.ActiveCfg = Release|Any CPU
		{7F89BFB0-A7B1-499A-8A99-A98ACC157FC4}.Release|Any CPU.Build.0 = Release|Any CPU
		{5FD79FEF-97B0-417A-B898-69445C6B5C8D}.Debug|Any CPU.ActiveCfg = Debug|Any CPU
		{5FD79FEF-97B0-417A-B898-69445C6B5C8D}.Debug|Any CPU.Build.0 = Debug|Any CPU
		{5FD79FEF-97B0-417A-B898-69445C6B5C8D}.Release|Any CPU.ActiveCfg = Release|Any CPU
		{5FD79FEF-97B0-417A-B898-69445C6B5C8D}.Release|Any CPU.Build.0 = Release|Any CPU
		{2AFD2D0F-16A6-4406-AC5D-B06176849B4F}.Debug|Any CPU.ActiveCfg = Debug|Any CPU
		{2AFD2D0F-16A6-4406-AC5D-B06176849B4F}.Debug|Any CPU.Build.0 = Debug|Any CPU
		{2AFD2D0F-16A6-4406-AC5D-B06176849B4F}.Release|Any CPU.ActiveCfg = Release|Any CPU
		{2AFD2D0F-16A6-4406-AC5D-B06176849B4F}.Release|Any CPU.Build.0 = Release|Any CPU
	EndGlobalSection
	GlobalSection(SolutionProperties) = preSolution
		HideSolutionNode = FALSE
	EndGlobalSection
EndGlobal
